
Microsoft Visual Studio Solution File, Format Version 12.00
# Visual Studio 15
VisualStudioVersion = 15.0.26430.14
MinimumVisualStudioVersion = 10.0.40219.1
Project("{FAE04EC0-301F-11D3-BF4B-00C04F79EFBC}") = "MEDictionary.Android", "MEDictionary\MEDictionary.Android\MEDictionary.Android.csproj", "{C60192DC-21E6-443A-916F-2518B72AF1E8}"
EndProject
Project("{FAE04EC0-301F-11D3-BF4B-00C04F79EFBC}") = "MEDictionary", "MEDictionary\MEDictionary\MEDictionary.csproj", "{D8B33292-D290-4EAB-B1A7-896926B0793A}"
EndProject
Project("{FAE04EC0-301F-11D3-BF4B-00C04F79EFBC}") = "MEDictionary.UWP", "MEDictionary\MEDictionary.UWP\MEDictionary.UWP.csproj", "{B91959C6-A838-445D-8E98-CB9F80935369}"
EndProject
Project("{FAE04EC0-301F-11D3-BF4B-00C04F79EFBC}") = "MEDictionary.iOS", "MEDictionary\MEDictionary.iOS\MEDictionary.iOS.csproj", "{AAE3890F-9341-4616-B807-BEA69C440B3E}"
EndProject
Global
	GlobalSection(SolutionConfigurationPlatforms) = preSolution
		Ad-Hoc|Any CPU = Ad-Hoc|Any CPU
		Ad-Hoc|ARM = Ad-Hoc|ARM
		Ad-Hoc|iPhone = Ad-Hoc|iPhone
		Ad-Hoc|iPhoneSimulator = Ad-Hoc|iPhoneSimulator
		Ad-Hoc|x64 = Ad-Hoc|x64
		Ad-Hoc|x86 = Ad-Hoc|x86
		AppStore|Any CPU = AppStore|Any CPU
		AppStore|ARM = AppStore|ARM
		AppStore|iPhone = AppStore|iPhone
		AppStore|iPhoneSimulator = AppStore|iPhoneSimulator
		AppStore|x64 = AppStore|x64
		AppStore|x86 = AppStore|x86
		Debug|Any CPU = Debug|Any CPU
		Debug|ARM = Debug|ARM
		Debug|iPhone = Debug|iPhone
		Debug|iPhoneSimulator = Debug|iPhoneSimulator
		Debug|x64 = Debug|x64
		Debug|x86 = Debug|x86
		Release|Any CPU = Release|Any CPU
		Release|ARM = Release|ARM
		Release|iPhone = Release|iPhone
		Release|iPhoneSimulator = Release|iPhoneSimulator
		Release|x64 = Release|x64
		Release|x86 = Release|x86
	EndGlobalSection
	GlobalSection(ProjectConfigurationPlatforms) = postSolution
		{C60192DC-21E6-443A-916F-2518B72AF1E8}.Ad-Hoc|Any CPU.ActiveCfg = Release|Any CPU
		{C60192DC-21E6-443A-916F-2518B72AF1E8}.Ad-Hoc|Any CPU.Build.0 = Release|Any CPU
		{C60192DC-21E6-443A-916F-2518B72AF1E8}.Ad-Hoc|Any CPU.Deploy.0 = Release|Any CPU
		{C60192DC-21E6-443A-916F-2518B72AF1E8}.Ad-Hoc|ARM.ActiveCfg = Release|Any CPU
		{C60192DC-21E6-443A-916F-2518B72AF1E8}.Ad-Hoc|ARM.Build.0 = Release|Any CPU
		{C60192DC-21E6-443A-916F-2518B72AF1E8}.Ad-Hoc|ARM.Deploy.0 = Release|Any CPU
		{C60192DC-21E6-443A-916F-2518B72AF1E8}.Ad-Hoc|iPhone.ActiveCfg = Release|Any CPU
		{C60192DC-21E6-443A-916F-2518B72AF1E8}.Ad-Hoc|iPhone.Build.0 = Release|Any CPU
		{C60192DC-21E6-443A-916F-2518B72AF1E8}.Ad-Hoc|iPhone.Deploy.0 = Release|Any CPU
		{C60192DC-21E6-443A-916F-2518B72AF1E8}.Ad-Hoc|iPhoneSimulator.ActiveCfg = Release|Any CPU
		{C60192DC-21E6-443A-916F-2518B72AF1E8}.Ad-Hoc|iPhoneSimulator.Build.0 = Release|Any CPU
		{C60192DC-21E6-443A-916F-2518B72AF1E8}.Ad-Hoc|iPhoneSimulator.Deploy.0 = Release|Any CPU
		{C60192DC-21E6-443A-916F-2518B72AF1E8}.Ad-Hoc|x64.ActiveCfg = Release|Any CPU
		{C60192DC-21E6-443A-916F-2518B72AF1E8}.Ad-Hoc|x64.Build.0 = Release|Any CPU
		{C60192DC-21E6-443A-916F-2518B72AF1E8}.Ad-Hoc|x64.Deploy.0 = Release|Any CPU
		{C60192DC-21E6-443A-916F-2518B72AF1E8}.Ad-Hoc|x86.ActiveCfg = Release|Any CPU
		{C60192DC-21E6-443A-916F-2518B72AF1E8}.Ad-Hoc|x86.Build.0 = Release|Any CPU
		{C60192DC-21E6-443A-916F-2518B72AF1E8}.Ad-Hoc|x86.Deploy.0 = Release|Any CPU
		{C60192DC-21E6-443A-916F-2518B72AF1E8}.AppStore|Any CPU.ActiveCfg = Release|Any CPU
		{C60192DC-21E6-443A-916F-2518B72AF1E8}.AppStore|Any CPU.Build.0 = Release|Any CPU
		{C60192DC-21E6-443A-916F-2518B72AF1E8}.AppStore|Any CPU.Deploy.0 = Release|Any CPU
		{C60192DC-21E6-443A-916F-2518B72AF1E8}.AppStore|ARM.ActiveCfg = Release|Any CPU
		{C60192DC-21E6-443A-916F-2518B72AF1E8}.AppStore|ARM.Build.0 = Release|Any CPU
		{C60192DC-21E6-443A-916F-2518B72AF1E8}.AppStore|ARM.Deploy.0 = Release|Any CPU
		{C60192DC-21E6-443A-916F-2518B72AF1E8}.AppStore|iPhone.ActiveCfg = Release|Any CPU
		{C60192DC-21E6-443A-916F-2518B72AF1E8}.AppStore|iPhone.Build.0 = Release|Any CPU
		{C60192DC-21E6-443A-916F-2518B72AF1E8}.AppStore|iPhone.Deploy.0 = Release|Any CPU
		{C60192DC-21E6-443A-916F-2518B72AF1E8}.AppStore|iPhoneSimulator.ActiveCfg = Release|Any CPU
		{C60192DC-21E6-443A-916F-2518B72AF1E8}.AppStore|iPhoneSimulator.Build.0 = Release|Any CPU
		{C60192DC-21E6-443A-916F-2518B72AF1E8}.AppStore|iPhoneSimulator.Deploy.0 = Release|Any CPU
		{C60192DC-21E6-443A-916F-2518B72AF1E8}.AppStore|x64.ActiveCfg = Release|Any CPU
		{C60192DC-21E6-443A-916F-2518B72AF1E8}.AppStore|x64.Build.0 = Release|Any CPU
		{C60192DC-21E6-443A-916F-2518B72AF1E8}.AppStore|x64.Deploy.0 = Release|Any CPU
		{C60192DC-21E6-443A-916F-2518B72AF1E8}.AppStore|x86.ActiveCfg = Release|Any CPU
		{C60192DC-21E6-443A-916F-2518B72AF1E8}.AppStore|x86.Build.0 = Release|Any CPU
		{C60192DC-21E6-443A-916F-2518B72AF1E8}.AppStore|x86.Deploy.0 = Release|Any CPU
		{C60192DC-21E6-443A-916F-2518B72AF1E8}.Debug|Any CPU.ActiveCfg = Debug|Any CPU
		{C60192DC-21E6-443A-916F-2518B72AF1E8}.Debug|Any CPU.Build.0 = Debug|Any CPU
		{C60192DC-21E6-443A-916F-2518B72AF1E8}.Debug|Any CPU.Deploy.0 = Debug|Any CPU
		{C60192DC-21E6-443A-916F-2518B72AF1E8}.Debug|ARM.ActiveCfg = Debug|Any CPU
		{C60192DC-21E6-443A-916F-2518B72AF1E8}.Debug|ARM.Build.0 = Debug|Any CPU
		{C60192DC-21E6-443A-916F-2518B72AF1E8}.Debug|ARM.Deploy.0 = Debug|Any CPU
		{C60192DC-21E6-443A-916F-2518B72AF1E8}.Debug|iPhone.ActiveCfg = Debug|Any CPU
		{C60192DC-21E6-443A-916F-2518B72AF1E8}.Debug|iPhone.Build.0 = Debug|Any CPU
		{C60192DC-21E6-443A-916F-2518B72AF1E8}.Debug|iPhone.Deploy.0 = Debug|Any CPU
		{C60192DC-21E6-443A-916F-2518B72AF1E8}.Debug|iPhoneSimulator.ActiveCfg = Debug|Any CPU
		{C60192DC-21E6-443A-916F-2518B72AF1E8}.Debug|iPhoneSimulator.Build.0 = Debug|Any CPU
		{C60192DC-21E6-443A-916F-2518B72AF1E8}.Debug|iPhoneSimulator.Deploy.0 = Debug|Any CPU
		{C60192DC-21E6-443A-916F-2518B72AF1E8}.Debug|x64.ActiveCfg = Debug|Any CPU
		{C60192DC-21E6-443A-916F-2518B72AF1E8}.Debug|x64.Build.0 = Debug|Any CPU
		{C60192DC-21E6-443A-916F-2518B72AF1E8}.Debug|x64.Deploy.0 = Debug|Any CPU
		{C60192DC-21E6-443A-916F-2518B72AF1E8}.Debug|x86.ActiveCfg = Debug|Any CPU
		{C60192DC-21E6-443A-916F-2518B72AF1E8}.Debug|x86.Build.0 = Debug|Any CPU
		{C60192DC-21E6-443A-916F-2518B72AF1E8}.Debug|x86.Deploy.0 = Debug|Any CPU
		{C60192DC-21E6-443A-916F-2518B72AF1E8}.Release|Any CPU.ActiveCfg = Release|Any CPU
		{C60192DC-21E6-443A-916F-2518B72AF1E8}.Release|Any CPU.Build.0 = Release|Any CPU
		{C60192DC-21E6-443A-916F-2518B72AF1E8}.Release|Any CPU.Deploy.0 = Release|Any CPU
		{C60192DC-21E6-443A-916F-2518B72AF1E8}.Release|ARM.ActiveCfg = Release|Any CPU
		{C60192DC-21E6-443A-916F-2518B72AF1E8}.Release|ARM.Build.0 = Release|Any CPU
		{C60192DC-21E6-443A-916F-2518B72AF1E8}.Release|ARM.Deploy.0 = Release|Any CPU
		{C60192DC-21E6-443A-916F-2518B72AF1E8}.Release|iPhone.ActiveCfg = Release|Any CPU
		{C60192DC-21E6-443A-916F-2518B72AF1E8}.Release|iPhone.Build.0 = Release|Any CPU
		{C60192DC-21E6-443A-916F-2518B72AF1E8}.Release|iPhone.Deploy.0 = Release|Any CPU
		{C60192DC-21E6-443A-916F-2518B72AF1E8}.Release|iPhoneSimulator.ActiveCfg = Release|Any CPU
		{C60192DC-21E6-443A-916F-2518B72AF1E8}.Release|iPhoneSimulator.Build.0 = Release|Any CPU
		{C60192DC-21E6-443A-916F-2518B72AF1E8}.Release|iPhoneSimulator.Deploy.0 = Release|Any CPU
		{C60192DC-21E6-443A-916F-2518B72AF1E8}.Release|x64.ActiveCfg = Release|Any CPU
		{C60192DC-21E6-443A-916F-2518B72AF1E8}.Release|x64.Build.0 = Release|Any CPU
		{C60192DC-21E6-443A-916F-2518B72AF1E8}.Release|x64.Deploy.0 = Release|Any CPU
		{C60192DC-21E6-443A-916F-2518B72AF1E8}.Release|x86.ActiveCfg = Release|Any CPU
		{C60192DC-21E6-443A-916F-2518B72AF1E8}.Release|x86.Build.0 = Release|Any CPU
		{C60192DC-21E6-443A-916F-2518B72AF1E8}.Release|x86.Deploy.0 = Release|Any CPU
		{D8B33292-D290-4EAB-B1A7-896926B0793A}.Ad-Hoc|Any CPU.ActiveCfg = Release|Any CPU
		{D8B33292-D290-4EAB-B1A7-896926B0793A}.Ad-Hoc|Any CPU.Build.0 = Release|Any CPU
		{D8B33292-D290-4EAB-B1A7-896926B0793A}.Ad-Hoc|ARM.ActiveCfg = Release|Any CPU
		{D8B33292-D290-4EAB-B1A7-896926B0793A}.Ad-Hoc|ARM.Build.0 = Release|Any CPU
		{D8B33292-D290-4EAB-B1A7-896926B0793A}.Ad-Hoc|iPhone.ActiveCfg = Release|Any CPU
		{D8B33292-D290-4EAB-B1A7-896926B0793A}.Ad-Hoc|iPhone.Build.0 = Release|Any CPU
		{D8B33292-D290-4EAB-B1A7-896926B0793A}.Ad-Hoc|iPhoneSimulator.ActiveCfg = Release|Any CPU
		{D8B33292-D290-4EAB-B1A7-896926B0793A}.Ad-Hoc|iPhoneSimulator.Build.0 = Release|Any CPU
		{D8B33292-D290-4EAB-B1A7-896926B0793A}.Ad-Hoc|x64.ActiveCfg = Release|Any CPU
		{D8B33292-D290-4EAB-B1A7-896926B0793A}.Ad-Hoc|x64.Build.0 = Release|Any CPU
		{D8B33292-D290-4EAB-B1A7-896926B0793A}.Ad-Hoc|x86.ActiveCfg = Release|Any CPU
		{D8B33292-D290-4EAB-B1A7-896926B0793A}.Ad-Hoc|x86.Build.0 = Release|Any CPU
		{D8B33292-D290-4EAB-B1A7-896926B0793A}.AppStore|Any CPU.ActiveCfg = Release|Any CPU
		{D8B33292-D290-4EAB-B1A7-896926B0793A}.AppStore|Any CPU.Build.0 = Release|Any CPU
		{D8B33292-D290-4EAB-B1A7-896926B0793A}.AppStore|ARM.ActiveCfg = Release|Any CPU
		{D8B33292-D290-4EAB-B1A7-896926B0793A}.AppStore|ARM.Build.0 = Release|Any CPU
		{D8B33292-D290-4EAB-B1A7-896926B0793A}.AppStore|iPhone.ActiveCfg = Release|Any CPU
		{D8B33292-D290-4EAB-B1A7-896926B0793A}.AppStore|iPhone.Build.0 = Release|Any CPU
		{D8B33292-D290-4EAB-B1A7-896926B0793A}.AppStore|iPhoneSimulator.ActiveCfg = Release|Any CPU
		{D8B33292-D290-4EAB-B1A7-896926B0793A}.AppStore|iPhoneSimulator.Build.0 = Release|Any CPU
		{D8B33292-D290-4EAB-B1A7-896926B0793A}.AppStore|x64.ActiveCfg = Release|Any CPU
		{D8B33292-D290-4EAB-B1A7-896926B0793A}.AppStore|x64.Build.0 = Release|Any CPU
		{D8B33292-D290-4EAB-B1A7-896926B0793A}.AppStore|x86.ActiveCfg = Release|Any CPU
		{D8B33292-D290-4EAB-B1A7-896926B0793A}.AppStore|x86.Build.0 = Release|Any CPU
		{D8B33292-D290-4EAB-B1A7-896926B0793A}.Debug|Any CPU.ActiveCfg = Debug|Any CPU
		{D8B33292-D290-4EAB-B1A7-896926B0793A}.Debug|Any CPU.Build.0 = Debug|Any CPU
		{D8B33292-D290-4EAB-B1A7-896926B0793A}.Debug|ARM.ActiveCfg = Debug|Any CPU
		{D8B33292-D290-4EAB-B1A7-896926B0793A}.Debug|ARM.Build.0 = Debug|Any CPU
		{D8B33292-D290-4EAB-B1A7-896926B0793A}.Debug|iPhone.ActiveCfg = Debug|Any CPU
		{D8B33292-D290-4EAB-B1A7-896926B0793A}.Debug|iPhone.Build.0 = Debug|Any CPU
		{D8B33292-D290-4EAB-B1A7-896926B0793A}.Debug|iPhoneSimulator.ActiveCfg = Debug|Any CPU
		{D8B33292-D290-4EAB-B1A7-896926B0793A}.Debug|iPhoneSimulator.Build.0 = Debug|Any CPU
		{D8B33292-D290-4EAB-B1A7-896926B0793A}.Debug|x64.ActiveCfg = Debug|Any CPU
		{D8B33292-D290-4EAB-B1A7-896926B0793A}.Debug|x64.Build.0 = Debug|Any CPU
		{D8B33292-D290-4EAB-B1A7-896926B0793A}.Debug|x86.ActiveCfg = Debug|Any CPU
		{D8B33292-D290-4EAB-B1A7-896926B0793A}.Debug|x86.Build.0 = Debug|Any CPU
		{D8B33292-D290-4EAB-B1A7-896926B0793A}.Release|Any CPU.ActiveCfg = Release|Any CPU
		{D8B33292-D290-4EAB-B1A7-896926B0793A}.Release|Any CPU.Build.0 = Release|Any CPU
		{D8B33292-D290-4EAB-B1A7-896926B0793A}.Release|ARM.ActiveCfg = Release|Any CPU
		{D8B33292-D290-4EAB-B1A7-896926B0793A}.Release|ARM.Build.0 = Release|Any CPU
		{D8B33292-D290-4EAB-B1A7-896926B0793A}.Release|iPhone.ActiveCfg = Release|Any CPU
		{D8B33292-D290-4EAB-B1A7-896926B0793A}.Release|iPhone.Build.0 = Release|Any CPU
		{D8B33292-D290-4EAB-B1A7-896926B0793A}.Release|iPhoneSimulator.ActiveCfg = Release|Any CPU
		{D8B33292-D290-4EAB-B1A7-896926B0793A}.Release|iPhoneSimulator.Build.0 = Release|Any CPU
		{D8B33292-D290-4EAB-B1A7-896926B0793A}.Release|x64.ActiveCfg = Release|Any CPU
		{D8B33292-D290-4EAB-B1A7-896926B0793A}.Release|x64.Build.0 = Release|Any CPU
		{D8B33292-D290-4EAB-B1A7-896926B0793A}.Release|x86.ActiveCfg = Release|Any CPU
		{D8B33292-D290-4EAB-B1A7-896926B0793A}.Release|x86.Build.0 = Release|Any CPU
		{B91959C6-A838-445D-8E98-CB9F80935369}.Ad-Hoc|Any CPU.ActiveCfg = Release|x86
		{B91959C6-A838-445D-8E98-CB9F80935369}.Ad-Hoc|Any CPU.Build.0 = Release|x86
		{B91959C6-A838-445D-8E98-CB9F80935369}.Ad-Hoc|Any CPU.Deploy.0 = Release|x86
		{B91959C6-A838-445D-8E98-CB9F80935369}.Ad-Hoc|ARM.ActiveCfg = Release|ARM
		{B91959C6-A838-445D-8E98-CB9F80935369}.Ad-Hoc|ARM.Build.0 = Release|ARM
		{B91959C6-A838-445D-8E98-CB9F80935369}.Ad-Hoc|ARM.Deploy.0 = Release|ARM
		{B91959C6-A838-445D-8E98-CB9F80935369}.Ad-Hoc|iPhone.ActiveCfg = Release|x86
		{B91959C6-A838-445D-8E98-CB9F80935369}.Ad-Hoc|iPhone.Build.0 = Release|x86
		{B91959C6-A838-445D-8E98-CB9F80935369}.Ad-Hoc|iPhone.Deploy.0 = Release|x86
		{B91959C6-A838-445D-8E98-CB9F80935369}.Ad-Hoc|iPhoneSimulator.ActiveCfg = Release|x86
		{B91959C6-A838-445D-8E98-CB9F80935369}.Ad-Hoc|iPhoneSimulator.Build.0 = Release|x86
		{B91959C6-A838-445D-8E98-CB9F80935369}.Ad-Hoc|iPhoneSimulator.Deploy.0 = Release|x86
		{B91959C6-A838-445D-8E98-CB9F80935369}.Ad-Hoc|x64.ActiveCfg = Release|x64
		{B91959C6-A838-445D-8E98-CB9F80935369}.Ad-Hoc|x64.Build.0 = Release|x64
		{B91959C6-A838-445D-8E98-CB9F80935369}.Ad-Hoc|x64.Deploy.0 = Release|x64
		{B91959C6-A838-445D-8E98-CB9F80935369}.Ad-Hoc|x86.ActiveCfg = Release|x86
		{B91959C6-A838-445D-8E98-CB9F80935369}.Ad-Hoc|x86.Build.0 = Release|x86
		{B91959C6-A838-445D-8E98-CB9F80935369}.Ad-Hoc|x86.Deploy.0 = Release|x86
		{B91959C6-A838-445D-8E98-CB9F80935369}.AppStore|Any CPU.ActiveCfg = Release|x86
		{B91959C6-A838-445D-8E98-CB9F80935369}.AppStore|Any CPU.Build.0 = Release|x86
		{B91959C6-A838-445D-8E98-CB9F80935369}.AppStore|Any CPU.Deploy.0 = Release|x86
		{B91959C6-A838-445D-8E98-CB9F80935369}.AppStore|ARM.ActiveCfg = Release|ARM
		{B91959C6-A838-445D-8E98-CB9F80935369}.AppStore|ARM.Build.0 = Release|ARM
		{B91959C6-A838-445D-8E98-CB9F80935369}.AppStore|ARM.Deploy.0 = Release|ARM
		{B91959C6-A838-445D-8E98-CB9F80935369}.AppStore|iPhone.ActiveCfg = Release|x86
		{B91959C6-A838-445D-8E98-CB9F80935369}.AppStore|iPhone.Build.0 = Release|x86
		{B91959C6-A838-445D-8E98-CB9F80935369}.AppStore|iPhone.Deploy.0 = Release|x86
		{B91959C6-A838-445D-8E98-CB9F80935369}.AppStore|iPhoneSimulator.ActiveCfg = Release|x86
		{B91959C6-A838-445D-8E98-CB9F80935369}.AppStore|iPhoneSimulator.Build.0 = Release|x86
		{B91959C6-A838-445D-8E98-CB9F80935369}.AppStore|iPhoneSimulator.Deploy.0 = Release|x86
		{B91959C6-A838-445D-8E98-CB9F80935369}.AppStore|x64.ActiveCfg = Release|x64
		{B91959C6-A838-445D-8E98-CB9F80935369}.AppStore|x64.Build.0 = Release|x64
		{B91959C6-A838-445D-8E98-CB9F80935369}.AppStore|x64.Deploy.0 = Release|x64
		{B91959C6-A838-445D-8E98-CB9F80935369}.AppStore|x86.ActiveCfg = Release|x86
		{B91959C6-A838-445D-8E98-CB9F80935369}.AppStore|x86.Build.0 = Release|x86
		{B91959C6-A838-445D-8E98-CB9F80935369}.AppStore|x86.Deploy.0 = Release|x86
		{B91959C6-A838-445D-8E98-CB9F80935369}.Debug|Any CPU.ActiveCfg = Debug|x86
		{B91959C6-A838-445D-8E98-CB9F80935369}.Debug|ARM.ActiveCfg = Debug|ARM
		{B91959C6-A838-445D-8E98-CB9F80935369}.Debug|ARM.Build.0 = Debug|ARM
		{B91959C6-A838-445D-8E98-CB9F80935369}.Debug|ARM.Deploy.0 = Debug|ARM
		{B91959C6-A838-445D-8E98-CB9F80935369}.Debug|iPhone.ActiveCfg = Debug|x86
		{B91959C6-A838-445D-8E98-CB9F80935369}.Debug|iPhoneSimulator.ActiveCfg = Debug|x86
		{B91959C6-A838-445D-8E98-CB9F80935369}.Debug|x64.ActiveCfg = Debug|x64
		{B91959C6-A838-445D-8E98-CB9F80935369}.Debug|x64.Build.0 = Debug|x64
		{B91959C6-A838-445D-8E98-CB9F80935369}.Debug|x64.Deploy.0 = Debug|x64
		{B91959C6-A838-445D-8E98-CB9F80935369}.Debug|x86.ActiveCfg = Debug|x86
		{B91959C6-A838-445D-8E98-CB9F80935369}.Debug|x86.Build.0 = Debug|x86
		{B91959C6-A838-445D-8E98-CB9F80935369}.Debug|x86.Deploy.0 = Debug|x86
		{B91959C6-A838-445D-8E98-CB9F80935369}.Release|Any CPU.ActiveCfg = Release|x86
		{B91959C6-A838-445D-8E98-CB9F80935369}.Release|ARM.ActiveCfg = Release|ARM
		{B91959C6-A838-445D-8E98-CB9F80935369}.Release|ARM.Build.0 = Release|ARM
		{B91959C6-A838-445D-8E98-CB9F80935369}.Release|ARM.Deploy.0 = Release|ARM
		{B91959C6-A838-445D-8E98-CB9F80935369}.Release|iPhone.ActiveCfg = Release|x86
		{B91959C6-A838-445D-8E98-CB9F80935369}.Release|iPhoneSimulator.ActiveCfg = Release|x86
		{B91959C6-A838-445D-8E98-CB9F80935369}.Release|x64.ActiveCfg = Release|x64
		{B91959C6-A838-445D-8E98-CB9F80935369}.Release|x64.Build.0 = Release|x64
		{B91959C6-A838-445D-8E98-CB9F80935369}.Release|x64.Deploy.0 = Release|x64
		{B91959C6-A838-445D-8E98-CB9F80935369}.Release|x86.ActiveCfg = Release|x86
		{B91959C6-A838-445D-8E98-CB9F80935369}.Release|x86.Build.0 = Release|x86
		{B91959C6-A838-445D-8E98-CB9F80935369}.Release|x86.Deploy.0 = Release|x86
		{AAE3890F-9341-4616-B807-BEA69C440B3E}.Ad-Hoc|Any CPU.ActiveCfg = Ad-Hoc|iPhone
		{AAE3890F-9341-4616-B807-BEA69C440B3E}.Ad-Hoc|ARM.ActiveCfg = Ad-Hoc|iPhone
		{AAE3890F-9341-4616-B807-BEA69C440B3E}.Ad-Hoc|iPhone.ActiveCfg = Ad-Hoc|iPhone
		{AAE3890F-9341-4616-B807-BEA69C440B3E}.Ad-Hoc|iPhone.Build.0 = Ad-Hoc|iPhone
		{AAE3890F-9341-4616-B807-BEA69C440B3E}.Ad-Hoc|iPhoneSimulator.ActiveCfg = Ad-Hoc|iPhoneSimulator
		{AAE3890F-9341-4616-B807-BEA69C440B3E}.Ad-Hoc|iPhoneSimulator.Build.0 = Ad-Hoc|iPhoneSimulator
		{AAE3890F-9341-4616-B807-BEA69C440B3E}.Ad-Hoc|x64.ActiveCfg = Ad-Hoc|iPhone
		{AAE3890F-9341-4616-B807-BEA69C440B3E}.Ad-Hoc|x86.ActiveCfg = Ad-Hoc|iPhone
		{AAE3890F-9341-4616-B807-BEA69C440B3E}.AppStore|Any CPU.ActiveCfg = AppStore|iPhone
		{AAE3890F-9341-4616-B807-BEA69C440B3E}.AppStore|ARM.ActiveCfg = AppStore|iPhone
		{AAE3890F-9341-4616-B807-BEA69C440B3E}.AppStore|iPhone.ActiveCfg = AppStore|iPhone
		{AAE3890F-9341-4616-B807-BEA69C440B3E}.AppStore|iPhone.Build.0 = AppStore|iPhone
		{AAE3890F-9341-4616-B807-BEA69C440B3E}.AppStore|iPhoneSimulator.ActiveCfg = AppStore|iPhoneSimulator
		{AAE3890F-9341-4616-B807-BEA69C440B3E}.AppStore|iPhoneSimulator.Build.0 = AppStore|iPhoneSimulator
		{AAE3890F-9341-4616-B807-BEA69C440B3E}.AppStore|x64.ActiveCfg = AppStore|iPhone
		{AAE3890F-9341-4616-B807-BEA69C440B3E}.AppStore|x86.ActiveCfg = AppStore|iPhone
		{AAE3890F-9341-4616-B807-BEA69C440B3E}.Debug|Any CPU.ActiveCfg = Debug|iPhone
		{AAE3890F-9341-4616-B807-BEA69C440B3E}.Debug|ARM.ActiveCfg = Debug|iPhone
		{AAE3890F-9341-4616-B807-BEA69C440B3E}.Debug|iPhone.ActiveCfg = Debug|iPhone
		{AAE3890F-9341-4616-B807-BEA69C440B3E}.Debug|iPhone.Build.0 = Debug|iPhone
		{AAE3890F-9341-4616-B807-BEA69C440B3E}.Debug|iPhoneSimulator.ActiveCfg = Debug|iPhoneSimulator
		{AAE3890F-9341-4616-B807-BEA69C440B3E}.Debug|iPhoneSimulator.Build.0 = Debug|iPhoneSimulator
		{AAE3890F-9341-4616-B807-BEA69C440B3E}.Debug|x64.ActiveCfg = Debug|iPhone
		{AAE3890F-9341-4616-B807-BEA69C440B3E}.Debug|x86.ActiveCfg = Debug|iPhone
		{AAE3890F-9341-4616-B807-BEA69C440B3E}.Release|Any CPU.ActiveCfg = Release|iPhone
		{AAE3890F-9341-4616-B807-BEA69C440B3E}.Release|ARM.ActiveCfg = Release|iPhone
		{AAE3890F-9341-4616-B807-BEA69C440B3E}.Release|iPhone.ActiveCfg = Release|iPhone
		{AAE3890F-9341-4616-B807-BEA69C440B3E}.Release|iPhone.Build.0 = Release|iPhone
		{AAE3890F-9341-4616-B807-BEA69C440B3E}.Release|iPhoneSimulator.ActiveCfg = Release|iPhoneSimulator
		{AAE3890F-9341-4616-B807-BEA69C440B3E}.Release|iPhoneSimulator.Build.0 = Release|iPhoneSimulator
		{AAE3890F-9341-4616-B807-BEA69C440B3E}.Release|x64.ActiveCfg = Release|iPhone
		{AAE3890F-9341-4616-B807-BEA69C440B3E}.Release|x86.ActiveCfg = Release|iPhone
	EndGlobalSection
	GlobalSection(SolutionProperties) = preSolution
		HideSolutionNode = FALSE
	EndGlobalSection
EndGlobal
